
Microsoft Visual Studio Solution File, Format Version 12.00
# Visual Studio 15
VisualStudioVersion = 15.0.28307.136
MinimumVisualStudioVersion = 10.0.40219.1
Project("{FAE04EC0-301F-11D3-BF4B-00C04F79EFBC}") = "ShopBazar.Web", "ShopBazar.Web\ShopBazar.Web.csproj", "{93F45978-A281-4EF6-A437-593C1DF0E003}"
EndProject
Global
	GlobalSection(SolutionConfigurationPlatforms) = preSolution
		Debug|Any CPU = Debug|Any CPU
		Release|Any CPU = Release|Any CPU
	EndGlobalSection
	GlobalSection(ProjectConfigurationPlatforms) = postSolution
		{93F45978-A281-4EF6-A437-593C1DF0E003}.Debug|Any CPU.ActiveCfg = Debug|Any CPU
		{93F45978-A281-4EF6-A437-593C1DF0E003}.Debug|Any CPU.Build.0 = Debug|Any CPU
		{93F45978-A281-4EF6-A437-593C1DF0E003}.Release|Any CPU.ActiveCfg = Release|Any CPU
		{93F45978-A281-4EF6-A437-593C1DF0E003}.Release|Any CPU.Build.0 = Release|Any CPU
	EndGlobalSection
	GlobalSection(SolutionProperties) = preSolution
		HideSolutionNode = FALSE
	EndGlobalSection
	GlobalSection(ExtensibilityGlobals) = postSolution
		SolutionGuid = {CD9183CD-7AAE-4DEE-BE3B-4BD402EE88B4}
	EndGlobalSection
EndGlobal
